
Microsoft Visual Studio Solution File, Format Version 12.00
# Visual Studio Version 17
VisualStudioVersion = 17.13.35931.197
MinimumVisualStudioVersion = 10.0.40219.1
Project("{FAE04EC0-301F-11D3-BF4B-00C04F79EFBC}") = "LocationServiceProvider", "LocationServiceProvider\LocationServiceProvider.csproj", "{FAC7C009-2B3C-4585-8A9C-88463E7E808F}"
EndProject
Project("{FAE04EC0-301F-11D3-BF4B-00C04F79EFBC}") = "Tests", "Tests\Tests.csproj", "{3A1FD6F0-0F46-4F5A-8D3C-9FEBF072C634}"
EndProject
Global
	GlobalSection(SolutionConfigurationPlatforms) = preSolution
		Debug|Any CPU = Debug|Any CPU
		Release|Any CPU = Release|Any CPU
	EndGlobalSection
	GlobalSection(ProjectConfigurationPlatforms) = postSolution
		{FAC7C009-2B3C-4585-8A9C-88463E7E808F}.Debug|Any CPU.ActiveCfg = Debug|Any CPU
		{FAC7C009-2B3C-4585-8A9C-88463E7E808F}.Debug|Any CPU.Build.0 = Debug|Any CPU
		{FAC7C009-2B3C-4585-8A9C-88463E7E808F}.Release|Any CPU.ActiveCfg = Release|Any CPU
		{FAC7C009-2B3C-4585-8A9C-88463E7E808F}.Release|Any CPU.Build.0 = Release|Any CPU
		{3A1FD6F0-0F46-4F5A-8D3C-9FEBF072C634}.Debug|Any CPU.ActiveCfg = Debug|Any CPU
		{3A1FD6F0-0F46-4F5A-8D3C-9FEBF072C634}.Debug|Any CPU.Build.0 = Debug|Any CPU
		{3A1FD6F0-0F46-4F5A-8D3C-9FEBF072C634}.Release|Any CPU.ActiveCfg = Release|Any CPU
		{3A1FD6F0-0F46-4F5A-8D3C-9FEBF072C634}.Release|Any CPU.Build.0 = Release|Any CPU
	EndGlobalSection
	GlobalSection(SolutionProperties) = preSolution
		HideSolutionNode = FALSE
	EndGlobalSection
	GlobalSection(ExtensibilityGlobals) = postSolution
		SolutionGuid = {DF23727B-D1F7-44AF-9450-FD0BA80FB771}
	EndGlobalSection
EndGlobal
